
Microsoft Visual Studio Solution File, Format Version 12.00
# Visual Studio 14
VisualStudioVersion = 14.0.25123.0
MinimumVisualStudioVersion = 10.0.40219.1
Project("{FAE04EC0-301F-11D3-BF4B-00C04F79EFBC}") = "GroceryCo", "GroceryCo\GroceryCo.csproj", "{5DAB33C6-05EF-4651-857B-2789A1E271DC}"
EndProject
Project("{FAE04EC0-301F-11D3-BF4B-00C04F79EFBC}") = "GroceryCo.Services", "GroceryCo.Services\GroceryCo.Services.csproj", "{18DEEE1C-A550-4FA9-8653-659F0FA79088}"
EndProject
Project("{FAE04EC0-301F-11D3-BF4B-00C04F79EFBC}") = "GroceryCo.Repositories", "GroceryCo.Repositories\GroceryCo.Repositories.csproj", "{CADD344F-2874-45C5-A7C6-D6034BB57C74}"
EndProject
Project("{FAE04EC0-301F-11D3-BF4B-00C04F79EFBC}") = "GroceryCo.Tests", "GroceryCo.Tests\GroceryCo.Tests.csproj", "{B61F9CEA-7D76-42CB-985D-5A7D9E160678}"
EndProject
Project("{FAE04EC0-301F-11D3-BF4B-00C04F79EFBC}") = "GroceryCo.Core", "GroceryCo.Core\GroceryCo.Core.csproj", "{64DFB8B0-4469-4C26-9ECA-CFD7ACE74143}"
EndProject
Project("{FAE04EC0-301F-11D3-BF4B-00C04F79EFBC}") = "GroceryCo.DependencyResolver", "DependencyResolver\GroceryCo.DependencyResolver.csproj", "{816DCD74-7710-4226-BC1A-82786B3E1B27}"
EndProject
Project("{2150E333-8FDC-42A3-9474-1A3956D46DE8}") = "SolutionItems", "SolutionItems", "{4845C4DE-9336-427B-8E97-84FC1D3D28B4}"
	ProjectSection(SolutionItems) = preProject
		README.md = README.md
	EndProjectSection
EndProject
Global
	GlobalSection(SolutionConfigurationPlatforms) = preSolution
		Debug|Any CPU = Debug|Any CPU
		Release|Any CPU = Release|Any CPU
	EndGlobalSection
	GlobalSection(ProjectConfigurationPlatforms) = postSolution
		{5DAB33C6-05EF-4651-857B-2789A1E271DC}.Debug|Any CPU.ActiveCfg = Debug|Any CPU
		{5DAB33C6-05EF-4651-857B-2789A1E271DC}.Debug|Any CPU.Build.0 = Debug|Any CPU
		{5DAB33C6-05EF-4651-857B-2789A1E271DC}.Release|Any CPU.ActiveCfg = Release|Any CPU
		{5DAB33C6-05EF-4651-857B-2789A1E271DC}.Release|Any CPU.Build.0 = Release|Any CPU
		{18DEEE1C-A550-4FA9-8653-659F0FA79088}.Debug|Any CPU.ActiveCfg = Debug|Any CPU
		{18DEEE1C-A550-4FA9-8653-659F0FA79088}.Debug|Any CPU.Build.0 = Debug|Any CPU
		{18DEEE1C-A550-4FA9-8653-659F0FA79088}.Release|Any CPU.ActiveCfg = Release|Any CPU
		{18DEEE1C-A550-4FA9-8653-659F0FA79088}.Release|Any CPU.Build.0 = Release|Any CPU
		{CADD344F-2874-45C5-A7C6-D6034BB57C74}.Debug|Any CPU.ActiveCfg = Debug|Any CPU
		{CADD344F-2874-45C5-A7C6-D6034BB57C74}.Debug|Any CPU.Build.0 = Debug|Any CPU
		{CADD344F-2874-45C5-A7C6-D6034BB57C74}.Release|Any CPU.ActiveCfg = Release|Any CPU
		{CADD344F-2874-45C5-A7C6-D6034BB57C74}.Release|Any CPU.Build.0 = Release|Any CPU
		{B61F9CEA-7D76-42CB-985D-5A7D9E160678}.Debug|Any CPU.ActiveCfg = Debug|Any CPU
		{B61F9CEA-7D76-42CB-985D-5A7D9E160678}.Debug|Any CPU.Build.0 = Debug|Any CPU
		{B61F9CEA-7D76-42CB-985D-5A7D9E160678}.Release|Any CPU.ActiveCfg = Release|Any CPU
		{B61F9CEA-7D76-42CB-985D-5A7D9E160678}.Release|Any CPU.Build.0 = Release|Any CPU
		{64DFB8B0-4469-4C26-9ECA-CFD7ACE74143}.Debug|Any CPU.ActiveCfg = Debug|Any CPU
		{64DFB8B0-4469-4C26-9ECA-CFD7ACE74143}.Debug|Any CPU.Build.0 = Debug|Any CPU
		{64DFB8B0-4469-4C26-9ECA-CFD7ACE74143}.Release|Any CPU.ActiveCfg = Release|Any CPU
		{64DFB8B0-4469-4C26-9ECA-CFD7ACE74143}.Release|Any CPU.Build.0 = Release|Any CPU
		{816DCD74-7710-4226-BC1A-82786B3E1B27}.Debug|Any CPU.ActiveCfg = Debug|Any CPU
		{816DCD74-7710-4226-BC1A-82786B3E1B27}.Debug|Any CPU.Build.0 = Debug|Any CPU
		{816DCD74-7710-4226-BC1A-82786B3E1B27}.Release|Any CPU.ActiveCfg = Release|Any CPU
		{816DCD74-7710-4226-BC1A-82786B3E1B27}.Release|Any CPU.Build.0 = Release|Any CPU
	EndGlobalSection
	GlobalSection(SolutionProperties) = preSolution
		HideSolutionNode = FALSE
	EndGlobalSection
EndGlobal
